
Microsoft Visual Studio Solution File, Format Version 12.00
# Visual Studio 2013
VisualStudioVersion = 12.0.31101.0
MinimumVisualStudioVersion = 10.0.40219.1
Project("{FAE04EC0-301F-11D3-BF4B-00C04F79EFBC}") = "BRS.Core", "BRS.Core\BRS.Core.csproj", "{FE9B1E30-99F7-45F0-93C3-E2F2DF49BA9D}"
EndProject
Project("{FAE04EC0-301F-11D3-BF4B-00C04F79EFBC}") = "BRS.WebUI", "BRS.WebUI\BRS.WebUI.csproj", "{AB16139F-C52B-4083-A38A-C0C35A401DE0}"
	ProjectSection(ProjectDependencies) = postProject
		{E3EE6558-B03F-4E3F-8232-9E50A9822513} = {E3EE6558-B03F-4E3F-8232-9E50A9822513}
	EndProjectSection
EndProject
Project("{FAE04EC0-301F-11D3-BF4B-00C04F79EFBC}") = "BRS.Data", "BRS.Data\BRS.Data.csproj", "{E3EE6558-B03F-4E3F-8232-9E50A9822513}"
EndProject
Project("{FAE04EC0-301F-11D3-BF4B-00C04F79EFBC}") = "BRS.DesktopUI", "BRS.DesktopUI\BRS.DesktopUI.csproj", "{5172705B-FC97-4A73-B12F-ECDA5F6FC515}"
	ProjectSection(ProjectDependencies) = postProject
		{FE9B1E30-99F7-45F0-93C3-E2F2DF49BA9D} = {FE9B1E30-99F7-45F0-93C3-E2F2DF49BA9D}
		{E3EE6558-B03F-4E3F-8232-9E50A9822513} = {E3EE6558-B03F-4E3F-8232-9E50A9822513}
	EndProjectSection
EndProject
Global
	GlobalSection(SolutionConfigurationPlatforms) = preSolution
		Debug|Any CPU = Debug|Any CPU
		Release|Any CPU = Release|Any CPU
	EndGlobalSection
	GlobalSection(ProjectConfigurationPlatforms) = postSolution
		{FE9B1E30-99F7-45F0-93C3-E2F2DF49BA9D}.Debug|Any CPU.ActiveCfg = Debug|Any CPU
		{FE9B1E30-99F7-45F0-93C3-E2F2DF49BA9D}.Debug|Any CPU.Build.0 = Debug|Any CPU
		{FE9B1E30-99F7-45F0-93C3-E2F2DF49BA9D}.Release|Any CPU.ActiveCfg = Release|Any CPU
		{FE9B1E30-99F7-45F0-93C3-E2F2DF49BA9D}.Release|Any CPU.Build.0 = Release|Any CPU
		{AB16139F-C52B-4083-A38A-C0C35A401DE0}.Debug|Any CPU.ActiveCfg = Debug|Any CPU
		{AB16139F-C52B-4083-A38A-C0C35A401DE0}.Debug|Any CPU.Build.0 = Debug|Any CPU
		{AB16139F-C52B-4083-A38A-C0C35A401DE0}.Release|Any CPU.ActiveCfg = Release|Any CPU
		{AB16139F-C52B-4083-A38A-C0C35A401DE0}.Release|Any CPU.Build.0 = Release|Any CPU
		{E3EE6558-B03F-4E3F-8232-9E50A9822513}.Debug|Any CPU.ActiveCfg = Debug|Any CPU
		{E3EE6558-B03F-4E3F-8232-9E50A9822513}.Debug|Any CPU.Build.0 = Debug|Any CPU
		{E3EE6558-B03F-4E3F-8232-9E50A9822513}.Release|Any CPU.ActiveCfg = Release|Any CPU
		{E3EE6558-B03F-4E3F-8232-9E50A9822513}.Release|Any CPU.Build.0 = Release|Any CPU
		{5172705B-FC97-4A73-B12F-ECDA5F6FC515}.Debug|Any CPU.ActiveCfg = Debug|Any CPU
		{5172705B-FC97-4A73-B12F-ECDA5F6FC515}.Debug|Any CPU.Build.0 = Debug|Any CPU
		{5172705B-FC97-4A73-B12F-ECDA5F6FC515}.Release|Any CPU.ActiveCfg = Release|Any CPU
		{5172705B-FC97-4A73-B12F-ECDA5F6FC515}.Release|Any CPU.Build.0 = Release|Any CPU
	EndGlobalSection
	GlobalSection(SolutionProperties) = preSolution
		HideSolutionNode = FALSE
	EndGlobalSection
EndGlobal
